
Microsoft Visual Studio Solution File, Format Version 12.00
# Visual Studio Version 16
VisualStudioVersion = 16.0.30309.148
MinimumVisualStudioVersion = 10.0.40219.1
Project("{FAE04EC0-301F-11D3-BF4B-00C04F79EFBC}") = "UnityDebug", "UnityDebug\UnityDebug.csproj", "{D3E91D30-5B24-4743-BBE6-2EC62D7A2629}"
EndProject
Project("{FAE04EC0-301F-11D3-BF4B-00C04F79EFBC}") = "PlayerConnectionTests", "Tests\PlayerConnectionTests\PlayerConnectionTests.csproj", "{13139A0F-0BD7-4771-ACE9-A567FCCD4C93}"
EndProject
Project("{FAE04EC0-301F-11D3-BF4B-00C04F79EFBC}") = "UnityDebug.Tests", "Tests\UnityDebug.Tests\UnityDebug.Tests.csproj", "{33071BC3-C0E6-47F1-96CE-50BBCE820DD4}"
EndProject
Project("{FAE04EC0-301F-11D3-BF4B-00C04F79EFBC}") = "Mono.Debugging.Soft", "debugger-libs\Mono.Debugging.Soft\Mono.Debugging.Soft.csproj", "{DE40756E-57F6-4AF2-B155-55E3A88CCED8}"
EndProject
Project("{FAE04EC0-301F-11D3-BF4B-00C04F79EFBC}") = "Mono.Debugging", "debugger-libs\Mono.Debugging\Mono.Debugging.csproj", "{90C99ADB-7D4B-4EB4-98C2-40BD1B14C7D2}"
EndProject
Project("{FAE04EC0-301F-11D3-BF4B-00C04F79EFBC}") = "Mono.Debugger.Soft", "debugger-libs\Mono.Debugger.Soft\Mono.Debugger.Soft.csproj", "{372E8E3E-29D5-4B4D-88A2-4711CD628C4E}"
EndProject
Project("{9A19103F-16F7-4668-BE54-9A1E7A4F7556}") = "Mono.Cecil", "External\cecil\Mono.Cecil.csproj", "{CF25C3D8-F29A-4A10-AA2C-C700E151A186}"
EndProject
Project("{9A19103F-16F7-4668-BE54-9A1E7A4F7556}") = "Mono.Cecil.Mdb", "External\cecil\symbols\mdb\Mono.Cecil.Mdb.csproj", "{57ABD310-0C97-405A-B578-6FD89111423A}"
EndProject
Project("{FAE04EC0-301F-11D3-BF4B-00C04F79EFBC}") = "UnityDebug.Tests.TestApp", "Tests\UnityDebug.Tests.TestApp\UnityDebug.Tests.TestApp.csproj", "{E486F44C-C7A4-4CF1-8A17-69F0182C9E7E}"
EndProject
Project("{FAE04EC0-301F-11D3-BF4B-00C04F79EFBC}") = "AppDomainClient", "Tests\AppDomainClient\AppDomainClient.csproj", "{E671AE70-6384-41FF-8444-6DD967F117CD}"
EndProject
Project("{FAE04EC0-301F-11D3-BF4B-00C04F79EFBC}") = "NonUserCodeTestLib", "Tests\NonUserCodeTestLib\NonUserCodeTestLib.csproj", "{4FE265AA-4EFD-4891-B7E8-001FB76009C2}"
EndProject
Project("{FAE04EC0-301F-11D3-BF4B-00C04F79EFBC}") = "DTestApp", "debugger-libs\DTestApp\DTestApp.csproj", "{4020E330-7237-4395-B61A-A7BA5581220D}"
EndProject
Project("{FAE04EC0-301F-11D3-BF4B-00C04F79EFBC}") = "DebuggerTests", "debugger-libs\DebuggerTests\DebuggerTests.csproj", "{EAFB04BC-99AC-41D5-AA6C-1F3F4FFE1CC5}"
EndProject
Project("{2150E333-8FDC-42A3-9474-1A3956D46DE8}") = "Tests", "Tests", "{86F4B460-1FBA-400A-B07E-785AD4C0130B}"
EndProject
Project("{2150E333-8FDC-42A3-9474-1A3956D46DE8}") = "ExternalDependencies", "ExternalDependencies", "{2426EE70-0586-4655-8C24-963820BAA05A}"
EndProject
Project("{2150E333-8FDC-42A3-9474-1A3956D46DE8}") = "TestProjects", "TestProjects", "{86C2EBCB-2554-483A-A8D8-76C65F297F9A}"
EndProject
Project("{FAE04EC0-301F-11D3-BF4B-00C04F79EFBC}") = "ICSharpCode.NRefactory", "nrefactory\ICSharpCode.NRefactory\ICSharpCode.NRefactory.csproj", "{3B2A5653-EC97-4001-BB9B-D90F1AF2C371}"
EndProject
Project("{FAE04EC0-301F-11D3-BF4B-00C04F79EFBC}") = "ICSharpCode.NRefactory.CSharp", "nrefactory\ICSharpCode.NRefactory.CSharp\ICSharpCode.NRefactory.CSharp.csproj", "{53DCA265-3C3C-42F9-B647-F72BA678122B}"
EndProject
Global
	GlobalSection(SolutionConfigurationPlatforms) = preSolution
		Debug|Any CPU = Debug|Any CPU
		Debug|x86 = Debug|x86
		net_4_5_Debug|Any CPU = net_4_5_Debug|Any CPU
		net_4_5_Debug|x86 = net_4_5_Debug|x86
		net_4_5_Release|Any CPU = net_4_5_Release|Any CPU
		net_4_5_Release|x86 = net_4_5_Release|x86
		Release|Any CPU = Release|Any CPU
		Release|x86 = Release|x86
	EndGlobalSection
	GlobalSection(ProjectConfigurationPlatforms) = postSolution
		{D3E91D30-5B24-4743-BBE6-2EC62D7A2629}.Debug|Any CPU.ActiveCfg = Debug|x86
		{D3E91D30-5B24-4743-BBE6-2EC62D7A2629}.Debug|x86.ActiveCfg = Debug|x86
		{D3E91D30-5B24-4743-BBE6-2EC62D7A2629}.Debug|x86.Build.0 = Debug|x86
		{D3E91D30-5B24-4743-BBE6-2EC62D7A2629}.net_4_5_Debug|Any CPU.ActiveCfg = Release|x86
		{D3E91D30-5B24-4743-BBE6-2EC62D7A2629}.net_4_5_Debug|Any CPU.Build.0 = Release|x86
		{D3E91D30-5B24-4743-BBE6-2EC62D7A2629}.net_4_5_Debug|x86.ActiveCfg = Debug|x86
		{D3E91D30-5B24-4743-BBE6-2EC62D7A2629}.net_4_5_Debug|x86.Build.0 = Debug|x86
		{D3E91D30-5B24-4743-BBE6-2EC62D7A2629}.net_4_5_Release|Any CPU.ActiveCfg = Release|x86
		{D3E91D30-5B24-4743-BBE6-2EC62D7A2629}.net_4_5_Release|Any CPU.Build.0 = Release|x86
		{D3E91D30-5B24-4743-BBE6-2EC62D7A2629}.net_4_5_Release|x86.ActiveCfg = Release|x86
		{D3E91D30-5B24-4743-BBE6-2EC62D7A2629}.net_4_5_Release|x86.Build.0 = Release|x86
		{D3E91D30-5B24-4743-BBE6-2EC62D7A2629}.Release|Any CPU.ActiveCfg = Release|x86
		{D3E91D30-5B24-4743-BBE6-2EC62D7A2629}.Release|x86.ActiveCfg = Release|x86
		{D3E91D30-5B24-4743-BBE6-2EC62D7A2629}.Release|x86.Build.0 = Release|x86
		{13139A0F-0BD7-4771-ACE9-A567FCCD4C93}.Debug|Any CPU.ActiveCfg = Debug|Any CPU
		{13139A0F-0BD7-4771-ACE9-A567FCCD4C93}.Debug|Any CPU.Build.0 = Debug|Any CPU
		{13139A0F-0BD7-4771-ACE9-A567FCCD4C93}.Debug|x86.ActiveCfg = Debug|Any CPU
		{13139A0F-0BD7-4771-ACE9-A567FCCD4C93}.Debug|x86.Build.0 = Debug|Any CPU
		{13139A0F-0BD7-4771-ACE9-A567FCCD4C93}.net_4_5_Debug|Any CPU.ActiveCfg = Debug|Any CPU
		{13139A0F-0BD7-4771-ACE9-A567FCCD4C93}.net_4_5_Debug|Any CPU.Build.0 = Debug|Any CPU
		{13139A0F-0BD7-4771-ACE9-A567FCCD4C93}.net_4_5_Debug|x86.ActiveCfg = Debug|Any CPU
		{13139A0F-0BD7-4771-ACE9-A567FCCD4C93}.net_4_5_Debug|x86.Build.0 = Debug|Any CPU
		{13139A0F-0BD7-4771-ACE9-A567FCCD4C93}.net_4_5_Release|Any CPU.ActiveCfg = Release|Any CPU
		{13139A0F-0BD7-4771-ACE9-A567FCCD4C93}.net_4_5_Release|Any CPU.Build.0 = Release|Any CPU
		{13139A0F-0BD7-4771-ACE9-A567FCCD4C93}.net_4_5_Release|x86.ActiveCfg = Release|Any CPU
		{13139A0F-0BD7-4771-ACE9-A567FCCD4C93}.net_4_5_Release|x86.Build.0 = Release|Any CPU
		{13139A0F-0BD7-4771-ACE9-A567FCCD4C93}.Release|Any CPU.ActiveCfg = Release|Any CPU
		{13139A0F-0BD7-4771-ACE9-A567FCCD4C93}.Release|Any CPU.Build.0 = Release|Any CPU
		{13139A0F-0BD7-4771-ACE9-A567FCCD4C93}.Release|x86.ActiveCfg = Release|Any CPU
		{13139A0F-0BD7-4771-ACE9-A567FCCD4C93}.Release|x86.Build.0 = Release|Any CPU
		{33071BC3-C0E6-47F1-96CE-50BBCE820DD4}.Debug|Any CPU.ActiveCfg = Debug|Any CPU
		{33071BC3-C0E6-47F1-96CE-50BBCE820DD4}.Debug|Any CPU.Build.0 = Debug|Any CPU
		{33071BC3-C0E6-47F1-96CE-50BBCE820DD4}.Debug|x86.ActiveCfg = Debug|Any CPU
		{33071BC3-C0E6-47F1-96CE-50BBCE820DD4}.Debug|x86.Build.0 = Debug|Any CPU
		{33071BC3-C0E6-47F1-96CE-50BBCE820DD4}.net_4_5_Debug|Any CPU.ActiveCfg = Debug|Any CPU
		{33071BC3-C0E6-47F1-96CE-50BBCE820DD4}.net_4_5_Debug|Any CPU.Build.0 = Debug|Any CPU
		{33071BC3-C0E6-47F1-96CE-50BBCE820DD4}.net_4_5_Debug|x86.ActiveCfg = Debug|Any CPU
		{33071BC3-C0E6-47F1-96CE-50BBCE820DD4}.net_4_5_Debug|x86.Build.0 = Debug|Any CPU
		{33071BC3-C0E6-47F1-96CE-50BBCE820DD4}.net_4_5_Release|Any CPU.ActiveCfg = Release|Any CPU
		{33071BC3-C0E6-47F1-96CE-50BBCE820DD4}.net_4_5_Release|Any CPU.Build.0 = Release|Any CPU
		{33071BC3-C0E6-47F1-96CE-50BBCE820DD4}.net_4_5_Release|x86.ActiveCfg = Release|Any CPU
		{33071BC3-C0E6-47F1-96CE-50BBCE820DD4}.net_4_5_Release|x86.Build.0 = Release|Any CPU
		{33071BC3-C0E6-47F1-96CE-50BBCE820DD4}.Release|Any CPU.ActiveCfg = Release|Any CPU
		{33071BC3-C0E6-47F1-96CE-50BBCE820DD4}.Release|Any CPU.Build.0 = Release|Any CPU
		{33071BC3-C0E6-47F1-96CE-50BBCE820DD4}.Release|x86.ActiveCfg = Release|Any CPU
		{33071BC3-C0E6-47F1-96CE-50BBCE820DD4}.Release|x86.Build.0 = Release|Any CPU
		{DE40756E-57F6-4AF2-B155-55E3A88CCED8}.Debug|Any CPU.ActiveCfg = Debug|Any CPU
		{DE40756E-57F6-4AF2-B155-55E3A88CCED8}.Debug|Any CPU.Build.0 = Debug|Any CPU
		{DE40756E-57F6-4AF2-B155-55E3A88CCED8}.Debug|x86.ActiveCfg = Debug|Any CPU
		{DE40756E-57F6-4AF2-B155-55E3A88CCED8}.Debug|x86.Build.0 = Debug|Any CPU
		{DE40756E-57F6-4AF2-B155-55E3A88CCED8}.net_4_5_Debug|Any CPU.ActiveCfg = Debug|Any CPU
		{DE40756E-57F6-4AF2-B155-55E3A88CCED8}.net_4_5_Debug|Any CPU.Build.0 = Debug|Any CPU
		{DE40756E-57F6-4AF2-B155-55E3A88CCED8}.net_4_5_Debug|x86.ActiveCfg = Debug|Any CPU
		{DE40756E-57F6-4AF2-B155-55E3A88CCED8}.net_4_5_Debug|x86.Build.0 = Debug|Any CPU
		{DE40756E-57F6-4AF2-B155-55E3A88CCED8}.net_4_5_Release|Any CPU.ActiveCfg = Release|Any CPU
		{DE40756E-57F6-4AF2-B155-55E3A88CCED8}.net_4_5_Release|Any CPU.Build.0 = Release|Any CPU
		{DE40756E-57F6-4AF2-B155-55E3A88CCED8}.net_4_5_Release|x86.ActiveCfg = Release|Any CPU
		{DE40756E-57F6-4AF2-B155-55E3A88CCED8}.net_4_5_Release|x86.Build.0 = Release|Any CPU
		{DE40756E-57F6-4AF2-B155-55E3A88CCED8}.Release|Any CPU.ActiveCfg = Release|Any CPU
		{DE40756E-57F6-4AF2-B155-55E3A88CCED8}.Release|Any CPU.Build.0 = Release|Any CPU
		{DE40756E-57F6-4AF2-B155-55E3A88CCED8}.Release|x86.ActiveCfg = Release|Any CPU
		{DE40756E-57F6-4AF2-B155-55E3A88CCED8}.Release|x86.Build.0 = Release|Any CPU
		{90C99ADB-7D4B-4EB4-98C2-40BD1B14C7D2}.Debug|Any CPU.ActiveCfg = Debug|Any CPU
		{90C99ADB-7D4B-4EB4-98C2-40BD1B14C7D2}.Debug|Any CPU.Build.0 = Debug|Any CPU
		{90C99ADB-7D4B-4EB4-98C2-40BD1B14C7D2}.Debug|x86.ActiveCfg = Debug|Any CPU
		{90C99ADB-7D4B-4EB4-98C2-40BD1B14C7D2}.Debug|x86.Build.0 = Debug|Any CPU
		{90C99ADB-7D4B-4EB4-98C2-40BD1B14C7D2}.net_4_5_Debug|Any CPU.ActiveCfg = Debug|Any CPU
		{90C99ADB-7D4B-4EB4-98C2-40BD1B14C7D2}.net_4_5_Debug|Any CPU.Build.0 = Debug|Any CPU
		{90C99ADB-7D4B-4EB4-98C2-40BD1B14C7D2}.net_4_5_Debug|x86.ActiveCfg = Debug|Any CPU
		{90C99ADB-7D4B-4EB4-98C2-40BD1B14C7D2}.net_4_5_Debug|x86.Build.0 = Debug|Any CPU
		{90C99ADB-7D4B-4EB4-98C2-40BD1B14C7D2}.net_4_5_Release|Any CPU.ActiveCfg = Release|Any CPU
		{90C99ADB-7D4B-4EB4-98C2-40BD1B14C7D2}.net_4_5_Release|Any CPU.Build.0 = Release|Any CPU
		{90C99ADB-7D4B-4EB4-98C2-40BD1B14C7D2}.net_4_5_Release|x86.ActiveCfg = Release|Any CPU
		{90C99ADB-7D4B-4EB4-98C2-40BD1B14C7D2}.net_4_5_Release|x86.Build.0 = Release|Any CPU
		{90C99ADB-7D4B-4EB4-98C2-40BD1B14C7D2}.Release|Any CPU.ActiveCfg = Release|Any CPU
		{90C99ADB-7D4B-4EB4-98C2-40BD1B14C7D2}.Release|Any CPU.Build.0 = Release|Any CPU
		{90C99ADB-7D4B-4EB4-98C2-40BD1B14C7D2}.Release|x86.ActiveCfg = Release|Any CPU
		{90C99ADB-7D4B-4EB4-98C2-40BD1B14C7D2}.Release|x86.Build.0 = Release|Any CPU
		{372E8E3E-29D5-4B4D-88A2-4711CD628C4E}.Debug|Any CPU.ActiveCfg = Debug|Any CPU
		{372E8E3E-29D5-4B4D-88A2-4711CD628C4E}.Debug|Any CPU.Build.0 = Debug|Any CPU
		{372E8E3E-29D5-4B4D-88A2-4711CD628C4E}.Debug|x86.ActiveCfg = Debug|Any CPU
		{372E8E3E-29D5-4B4D-88A2-4711CD628C4E}.Debug|x86.Build.0 = Debug|Any CPU
		{372E8E3E-29D5-4B4D-88A2-4711CD628C4E}.net_4_5_Debug|Any CPU.ActiveCfg = Debug|Any CPU
		{372E8E3E-29D5-4B4D-88A2-4711CD628C4E}.net_4_5_Debug|Any CPU.Build.0 = Debug|Any CPU
		{372E8E3E-29D5-4B4D-88A2-4711CD628C4E}.net_4_5_Debug|x86.ActiveCfg = Debug|Any CPU
		{372E8E3E-29D5-4B4D-88A2-4711CD628C4E}.net_4_5_Debug|x86.Build.0 = Debug|Any CPU
		{372E8E3E-29D5-4B4D-88A2-4711CD628C4E}.net_4_5_Release|Any CPU.ActiveCfg = Release|Any CPU
		{372E8E3E-29D5-4B4D-88A2-4711CD628C4E}.net_4_5_Release|Any CPU.Build.0 = Release|Any CPU
		{372E8E3E-29D5-4B4D-88A2-4711CD628C4E}.net_4_5_Release|x86.ActiveCfg = Release|Any CPU
		{372E8E3E-29D5-4B4D-88A2-4711CD628C4E}.net_4_5_Release|x86.Build.0 = Release|Any CPU
		{372E8E3E-29D5-4B4D-88A2-4711CD628C4E}.Release|Any CPU.ActiveCfg = Release|Any CPU
		{372E8E3E-29D5-4B4D-88A2-4711CD628C4E}.Release|Any CPU.Build.0 = Release|Any CPU
		{372E8E3E-29D5-4B4D-88A2-4711CD628C4E}.Release|x86.ActiveCfg = Release|Any CPU
		{372E8E3E-29D5-4B4D-88A2-4711CD628C4E}.Release|x86.Build.0 = Release|Any CPU
		{CF25C3D8-F29A-4A10-AA2C-C700E151A186}.Debug|Any CPU.ActiveCfg = Debug|Any CPU
		{CF25C3D8-F29A-4A10-AA2C-C700E151A186}.Debug|Any CPU.Build.0 = Debug|Any CPU
		{CF25C3D8-F29A-4A10-AA2C-C700E151A186}.Debug|x86.ActiveCfg = Debug|Any CPU
		{CF25C3D8-F29A-4A10-AA2C-C700E151A186}.Debug|x86.Build.0 = Debug|Any CPU
		{CF25C3D8-F29A-4A10-AA2C-C700E151A186}.net_4_5_Debug|Any CPU.ActiveCfg = Debug|Any CPU
		{CF25C3D8-F29A-4A10-AA2C-C700E151A186}.net_4_5_Debug|Any CPU.Build.0 = Debug|Any CPU
		{CF25C3D8-F29A-4A10-AA2C-C700E151A186}.net_4_5_Debug|x86.ActiveCfg = Debug|Any CPU
		{CF25C3D8-F29A-4A10-AA2C-C700E151A186}.net_4_5_Debug|x86.Build.0 = Debug|Any CPU
		{CF25C3D8-F29A-4A10-AA2C-C700E151A186}.net_4_5_Release|Any CPU.ActiveCfg = Release|Any CPU
		{CF25C3D8-F29A-4A10-AA2C-C700E151A186}.net_4_5_Release|Any CPU.Build.0 = Release|Any CPU
		{CF25C3D8-F29A-4A10-AA2C-C700E151A186}.net_4_5_Release|x86.ActiveCfg = Release|Any CPU
		{CF25C3D8-F29A-4A10-AA2C-C700E151A186}.net_4_5_Release|x86.Build.0 = Release|Any CPU
		{CF25C3D8-F29A-4A10-AA2C-C700E151A186}.Release|Any CPU.ActiveCfg = Release|Any CPU
		{CF25C3D8-F29A-4A10-AA2C-C700E151A186}.Release|Any CPU.Build.0 = Release|Any CPU
		{CF25C3D8-F29A-4A10-AA2C-C700E151A186}.Release|x86.ActiveCfg = Release|Any CPU
		{CF25C3D8-F29A-4A10-AA2C-C700E151A186}.Release|x86.Build.0 = Release|Any CPU
		{57ABD310-0C97-405A-B578-6FD89111423A}.Debug|Any CPU.ActiveCfg = Debug|Any CPU
		{57ABD310-0C97-405A-B578-6FD89111423A}.Debug|Any CPU.Build.0 = Debug|Any CPU
		{57ABD310-0C97-405A-B578-6FD89111423A}.Debug|x86.ActiveCfg = Debug|Any CPU
		{57ABD310-0C97-405A-B578-6FD89111423A}.Debug|x86.Build.0 = Debug|Any CPU
		{57ABD310-0C97-405A-B578-6FD89111423A}.net_4_5_Debug|Any CPU.ActiveCfg = Debug|Any CPU
		{57ABD310-0C97-405A-B578-6FD89111423A}.net_4_5_Debug|Any CPU.Build.0 = Debug|Any CPU
		{57ABD310-0C97-405A-B578-6FD89111423A}.net_4_5_Debug|x86.ActiveCfg = Debug|Any CPU
		{57ABD310-0C97-405A-B578-6FD89111423A}.net_4_5_Debug|x86.Build.0 = Debug|Any CPU
		{57ABD310-0C97-405A-B578-6FD89111423A}.net_4_5_Release|Any CPU.ActiveCfg = Release|Any CPU
		{57ABD310-0C97-405A-B578-6FD89111423A}.net_4_5_Release|Any CPU.Build.0 = Release|Any CPU
		{57ABD310-0C97-405A-B578-6FD89111423A}.net_4_5_Release|x86.ActiveCfg = Release|Any CPU
		{57ABD310-0C97-405A-B578-6FD89111423A}.net_4_5_Release|x86.Build.0 = Release|Any CPU
		{57ABD310-0C97-405A-B578-6FD89111423A}.Release|Any CPU.ActiveCfg = Release|Any CPU
		{57ABD310-0C97-405A-B578-6FD89111423A}.Release|Any CPU.Build.0 = Release|Any CPU
		{57ABD310-0C97-405A-B578-6FD89111423A}.Release|x86.ActiveCfg = Release|Any CPU
		{57ABD310-0C97-405A-B578-6FD89111423A}.Release|x86.Build.0 = Release|Any CPU
		{E486F44C-C7A4-4CF1-8A17-69F0182C9E7E}.Debug|Any CPU.ActiveCfg = Debug|Any CPU
		{E486F44C-C7A4-4CF1-8A17-69F0182C9E7E}.Debug|Any CPU.Build.0 = Debug|Any CPU
		{E486F44C-C7A4-4CF1-8A17-69F0182C9E7E}.Debug|x86.ActiveCfg = Debug|Any CPU
		{E486F44C-C7A4-4CF1-8A17-69F0182C9E7E}.Debug|x86.Build.0 = Debug|Any CPU
		{E486F44C-C7A4-4CF1-8A17-69F0182C9E7E}.net_4_5_Debug|Any CPU.ActiveCfg = Debug|Any CPU
		{E486F44C-C7A4-4CF1-8A17-69F0182C9E7E}.net_4_5_Debug|Any CPU.Build.0 = Debug|Any CPU
		{E486F44C-C7A4-4CF1-8A17-69F0182C9E7E}.net_4_5_Debug|x86.ActiveCfg = Debug|Any CPU
		{E486F44C-C7A4-4CF1-8A17-69F0182C9E7E}.net_4_5_Debug|x86.Build.0 = Debug|Any CPU
		{E486F44C-C7A4-4CF1-8A17-69F0182C9E7E}.net_4_5_Release|Any CPU.ActiveCfg = Release|Any CPU
		{E486F44C-C7A4-4CF1-8A17-69F0182C9E7E}.net_4_5_Release|Any CPU.Build.0 = Release|Any CPU
		{E486F44C-C7A4-4CF1-8A17-69F0182C9E7E}.net_4_5_Release|x86.ActiveCfg = Release|Any CPU
		{E486F44C-C7A4-4CF1-8A17-69F0182C9E7E}.net_4_5_Release|x86.Build.0 = Release|Any CPU
		{E486F44C-C7A4-4CF1-8A17-69F0182C9E7E}.Release|Any CPU.ActiveCfg = Release|Any CPU
		{E486F44C-C7A4-4CF1-8A17-69F0182C9E7E}.Release|Any CPU.Build.0 = Release|Any CPU
		{E486F44C-C7A4-4CF1-8A17-69F0182C9E7E}.Release|x86.ActiveCfg = Release|Any CPU
		{E486F44C-C7A4-4CF1-8A17-69F0182C9E7E}.Release|x86.Build.0 = Release|Any CPU
		{E671AE70-6384-41FF-8444-6DD967F117CD}.Debug|Any CPU.ActiveCfg = Debug|Any CPU
		{E671AE70-6384-41FF-8444-6DD967F117CD}.Debug|Any CPU.Build.0 = Debug|Any CPU
		{E671AE70-6384-41FF-8444-6DD967F117CD}.Debug|x86.ActiveCfg = Debug|Any CPU
		{E671AE70-6384-41FF-8444-6DD967F117CD}.Debug|x86.Build.0 = Debug|Any CPU
		{E671AE70-6384-41FF-8444-6DD967F117CD}.net_4_5_Debug|Any CPU.ActiveCfg = Debug|Any CPU
		{E671AE70-6384-41FF-8444-6DD967F117CD}.net_4_5_Debug|Any CPU.Build.0 = Debug|Any CPU
		{E671AE70-6384-41FF-8444-6DD967F117CD}.net_4_5_Debug|x86.ActiveCfg = Debug|Any CPU
		{E671AE70-6384-41FF-8444-6DD967F117CD}.net_4_5_Debug|x86.Build.0 = Debug|Any CPU
		{E671AE70-6384-41FF-8444-6DD967F117CD}.net_4_5_Release|Any CPU.ActiveCfg = Release|Any CPU
		{E671AE70-6384-41FF-8444-6DD967F117CD}.net_4_5_Release|Any CPU.Build.0 = Release|Any CPU
		{E671AE70-6384-41FF-8444-6DD967F117CD}.net_4_5_Release|x86.ActiveCfg = Release|Any CPU
		{E671AE70-6384-41FF-8444-6DD967F117CD}.net_4_5_Release|x86.Build.0 = Release|Any CPU
		{E671AE70-6384-41FF-8444-6DD967F117CD}.Release|Any CPU.ActiveCfg = Release|Any CPU
		{E671AE70-6384-41FF-8444-6DD967F117CD}.Release|Any CPU.Build.0 = Release|Any CPU
		{E671AE70-6384-41FF-8444-6DD967F117CD}.Release|x86.ActiveCfg = Release|Any CPU
		{E671AE70-6384-41FF-8444-6DD967F117CD}.Release|x86.Build.0 = Release|Any CPU
		{4FE265AA-4EFD-4891-B7E8-001FB76009C2}.Debug|Any CPU.ActiveCfg = Debug|Any CPU
		{4FE265AA-4EFD-4891-B7E8-001FB76009C2}.Debug|Any CPU.Build.0 = Debug|Any CPU
		{4FE265AA-4EFD-4891-B7E8-001FB76009C2}.Debug|x86.ActiveCfg = Debug|Any CPU
		{4FE265AA-4EFD-4891-B7E8-001FB76009C2}.Debug|x86.Build.0 = Debug|Any CPU
		{4FE265AA-4EFD-4891-B7E8-001FB76009C2}.net_4_5_Debug|Any CPU.ActiveCfg = Debug|Any CPU
		{4FE265AA-4EFD-4891-B7E8-001FB76009C2}.net_4_5_Debug|Any CPU.Build.0 = Debug|Any CPU
		{4FE265AA-4EFD-4891-B7E8-001FB76009C2}.net_4_5_Debug|x86.ActiveCfg = Debug|Any CPU
		{4FE265AA-4EFD-4891-B7E8-001FB76009C2}.net_4_5_Debug|x86.Build.0 = Debug|Any CPU
		{4FE265AA-4EFD-4891-B7E8-001FB76009C2}.net_4_5_Release|Any CPU.ActiveCfg = Release|Any CPU
		{4FE265AA-4EFD-4891-B7E8-001FB76009C2}.net_4_5_Release|Any CPU.Build.0 = Release|Any CPU
		{4FE265AA-4EFD-4891-B7E8-001FB76009C2}.net_4_5_Release|x86.ActiveCfg = Release|Any CPU
		{4FE265AA-4EFD-4891-B7E8-001FB76009C2}.net_4_5_Release|x86.Build.0 = Release|Any CPU
		{4FE265AA-4EFD-4891-B7E8-001FB76009C2}.Release|Any CPU.ActiveCfg = Release|Any CPU
		{4FE265AA-4EFD-4891-B7E8-001FB76009C2}.Release|Any CPU.Build.0 = Release|Any CPU
		{4FE265AA-4EFD-4891-B7E8-001FB76009C2}.Release|x86.ActiveCfg = Release|Any CPU
		{4FE265AA-4EFD-4891-B7E8-001FB76009C2}.Release|x86.Build.0 = Release|Any CPU
		{4020E330-7237-4395-B61A-A7BA5581220D}.Debug|Any CPU.ActiveCfg = Debug|Any CPU
		{4020E330-7237-4395-B61A-A7BA5581220D}.Debug|x86.ActiveCfg = Debug|Any CPU
		{4020E330-7237-4395-B61A-A7BA5581220D}.Debug|x86.Build.0 = Debug|Any CPU
		{4020E330-7237-4395-B61A-A7BA5581220D}.net_4_5_Debug|Any CPU.ActiveCfg = Debug|Any CPU
		{4020E330-7237-4395-B61A-A7BA5581220D}.net_4_5_Debug|x86.ActiveCfg = Debug|Any CPU
		{4020E330-7237-4395-B61A-A7BA5581220D}.net_4_5_Release|Any CPU.ActiveCfg = Release|Any CPU
		{4020E330-7237-4395-B61A-A7BA5581220D}.net_4_5_Release|x86.ActiveCfg = Release|Any CPU
		{4020E330-7237-4395-B61A-A7BA5581220D}.Release|Any CPU.ActiveCfg = Release|Any CPU
		{4020E330-7237-4395-B61A-A7BA5581220D}.Release|x86.ActiveCfg = Release|Any CPU
		{4020E330-7237-4395-B61A-A7BA5581220D}.Release|x86.Build.0 = Release|Any CPU
		{EAFB04BC-99AC-41D5-AA6C-1F3F4FFE1CC5}.Debug|Any CPU.ActiveCfg = Debug|Any CPU
		{EAFB04BC-99AC-41D5-AA6C-1F3F4FFE1CC5}.Debug|x86.ActiveCfg = Debug|Any CPU
		{EAFB04BC-99AC-41D5-AA6C-1F3F4FFE1CC5}.Debug|x86.Build.0 = Debug|Any CPU
		{EAFB04BC-99AC-41D5-AA6C-1F3F4FFE1CC5}.net_4_5_Debug|Any CPU.ActiveCfg = Debug|Any CPU
		{EAFB04BC-99AC-41D5-AA6C-1F3F4FFE1CC5}.net_4_5_Debug|x86.ActiveCfg = Debug|Any CPU
		{EAFB04BC-99AC-41D5-AA6C-1F3F4FFE1CC5}.net_4_5_Release|Any CPU.ActiveCfg = Release|Any CPU
		{EAFB04BC-99AC-41D5-AA6C-1F3F4FFE1CC5}.net_4_5_Release|x86.ActiveCfg = Release|Any CPU
		{EAFB04BC-99AC-41D5-AA6C-1F3F4FFE1CC5}.Release|Any CPU.ActiveCfg = Release|Any CPU
		{EAFB04BC-99AC-41D5-AA6C-1F3F4FFE1CC5}.Release|x86.ActiveCfg = Release|Any CPU
		{EAFB04BC-99AC-41D5-AA6C-1F3F4FFE1CC5}.Release|x86.Build.0 = Release|Any CPU
		{3B2A5653-EC97-4001-BB9B-D90F1AF2C371}.Debug|Any CPU.ActiveCfg = Debug|Any CPU
		{3B2A5653-EC97-4001-BB9B-D90F1AF2C371}.Debug|Any CPU.Build.0 = Debug|Any CPU
		{3B2A5653-EC97-4001-BB9B-D90F1AF2C371}.Debug|x86.ActiveCfg = Debug|Any CPU
		{3B2A5653-EC97-4001-BB9B-D90F1AF2C371}.Debug|x86.Build.0 = Debug|Any CPU
		{3B2A5653-EC97-4001-BB9B-D90F1AF2C371}.net_4_5_Debug|Any CPU.ActiveCfg = net_4_5_Debug|Any CPU
		{3B2A5653-EC97-4001-BB9B-D90F1AF2C371}.net_4_5_Debug|Any CPU.Build.0 = net_4_5_Debug|Any CPU
		{3B2A5653-EC97-4001-BB9B-D90F1AF2C371}.net_4_5_Debug|x86.ActiveCfg = net_4_5_Debug|Any CPU
		{3B2A5653-EC97-4001-BB9B-D90F1AF2C371}.net_4_5_Debug|x86.Build.0 = net_4_5_Debug|Any CPU
		{3B2A5653-EC97-4001-BB9B-D90F1AF2C371}.net_4_5_Release|Any CPU.ActiveCfg = net_4_5_Release|Any CPU
		{3B2A5653-EC97-4001-BB9B-D90F1AF2C371}.net_4_5_Release|Any CPU.Build.0 = net_4_5_Release|Any CPU
		{3B2A5653-EC97-4001-BB9B-D90F1AF2C371}.net_4_5_Release|x86.ActiveCfg = net_4_5_Release|Any CPU
		{3B2A5653-EC97-4001-BB9B-D90F1AF2C371}.net_4_5_Release|x86.Build.0 = net_4_5_Release|Any CPU
		{3B2A5653-EC97-4001-BB9B-D90F1AF2C371}.Release|Any CPU.ActiveCfg = Release|Any CPU
		{3B2A5653-EC97-4001-BB9B-D90F1AF2C371}.Release|Any CPU.Build.0 = Release|Any CPU
		{3B2A5653-EC97-4001-BB9B-D90F1AF2C371}.Release|x86.ActiveCfg = Release|Any CPU
		{3B2A5653-EC97-4001-BB9B-D90F1AF2C371}.Release|x86.Build.0 = Release|Any CPU
		{53DCA265-3C3C-42F9-B647-F72BA678122B}.Debug|Any CPU.ActiveCfg = Debug|Any CPU
		{53DCA265-3C3C-42F9-B647-F72BA678122B}.Debug|Any CPU.Build.0 = Debug|Any CPU
		{53DCA265-3C3C-42F9-B647-F72BA678122B}.Debug|x86.ActiveCfg = Debug|Any CPU
		{53DCA265-3C3C-42F9-B647-F72BA678122B}.Debug|x86.Build.0 = Debug|Any CPU
		{53DCA265-3C3C-42F9-B647-F72BA678122B}.net_4_5_Debug|Any CPU.ActiveCfg = net_4_5_Debug|Any CPU
		{53DCA265-3C3C-42F9-B647-F72BA678122B}.net_4_5_Debug|Any CPU.Build.0 = net_4_5_Debug|Any CPU
		{53DCA265-3C3C-42F9-B647-F72BA678122B}.net_4_5_Debug|x86.ActiveCfg = net_4_5_Debug|Any CPU
		{53DCA265-3C3C-42F9-B647-F72BA678122B}.net_4_5_Debug|x86.Build.0 = net_4_5_Debug|Any CPU
		{53DCA265-3C3C-42F9-B647-F72BA678122B}.net_4_5_Release|Any CPU.ActiveCfg = net_4_5_Release|Any CPU
		{53DCA265-3C3C-42F9-B647-F72BA678122B}.net_4_5_Release|Any CPU.Build.0 = net_4_5_Release|Any CPU
		{53DCA265-3C3C-42F9-B647-F72BA678122B}.net_4_5_Release|x86.ActiveCfg = net_4_5_Release|Any CPU
		{53DCA265-3C3C-42F9-B647-F72BA678122B}.net_4_5_Release|x86.Build.0 = net_4_5_Release|Any CPU
		{53DCA265-3C3C-42F9-B647-F72BA678122B}.Release|Any CPU.ActiveCfg = Release|Any CPU
		{53DCA265-3C3C-42F9-B647-F72BA678122B}.Release|Any CPU.Build.0 = Release|Any CPU
		{53DCA265-3C3C-42F9-B647-F72BA678122B}.Release|x86.ActiveCfg = Release|Any CPU
		{53DCA265-3C3C-42F9-B647-F72BA678122B}.Release|x86.Build.0 = Release|Any CPU
	EndGlobalSection
	GlobalSection(SolutionProperties) = preSolution
		HideSolutionNode = FALSE
	EndGlobalSection
	GlobalSection(NestedProjects) = preSolution
		{13139A0F-0BD7-4771-ACE9-A567FCCD4C93} = {86F4B460-1FBA-400A-B07E-785AD4C0130B}
		{33071BC3-C0E6-47F1-96CE-50BBCE820DD4} = {86F4B460-1FBA-400A-B07E-785AD4C0130B}
		{DE40756E-57F6-4AF2-B155-55E3A88CCED8} = {2426EE70-0586-4655-8C24-963820BAA05A}
		{90C99ADB-7D4B-4EB4-98C2-40BD1B14C7D2} = {2426EE70-0586-4655-8C24-963820BAA05A}
		{372E8E3E-29D5-4B4D-88A2-4711CD628C4E} = {2426EE70-0586-4655-8C24-963820BAA05A}
		{CF25C3D8-F29A-4A10-AA2C-C700E151A186} = {2426EE70-0586-4655-8C24-963820BAA05A}
		{57ABD310-0C97-405A-B578-6FD89111423A} = {2426EE70-0586-4655-8C24-963820BAA05A}
		{E486F44C-C7A4-4CF1-8A17-69F0182C9E7E} = {86C2EBCB-2554-483A-A8D8-76C65F297F9A}
		{E671AE70-6384-41FF-8444-6DD967F117CD} = {86C2EBCB-2554-483A-A8D8-76C65F297F9A}
		{4FE265AA-4EFD-4891-B7E8-001FB76009C2} = {86C2EBCB-2554-483A-A8D8-76C65F297F9A}
		{4020E330-7237-4395-B61A-A7BA5581220D} = {86C2EBCB-2554-483A-A8D8-76C65F297F9A}
		{EAFB04BC-99AC-41D5-AA6C-1F3F4FFE1CC5} = {86F4B460-1FBA-400A-B07E-785AD4C0130B}
		{86C2EBCB-2554-483A-A8D8-76C65F297F9A} = {86F4B460-1FBA-400A-B07E-785AD4C0130B}
		{3B2A5653-EC97-4001-BB9B-D90F1AF2C371} = {2426EE70-0586-4655-8C24-963820BAA05A}
		{53DCA265-3C3C-42F9-B647-F72BA678122B} = {2426EE70-0586-4655-8C24-963820BAA05A}
	EndGlobalSection
	GlobalSection(ExtensibilityGlobals) = postSolution
		SolutionGuid = {5FA71F22-D17E-42AF-A121-4B9DB20832CA}
	EndGlobalSection
EndGlobal
